
Microsoft Visual Studio Solution File, Format Version 12.00
Project("{FAE04EC0-301F-11D3-BF4B-00C04F79EFBC}") = "OutliersApp", "OutliersApp\OutliersApp.csproj", "{977E4921-EEE3-43A9-AB1D-B2A99A0CC742}"
EndProject
Project("{FAE04EC0-301F-11D3-BF4B-00C04F79EFBC}") = "OutliersApi", "OutliersApi\OutliersApi.csproj", "{8C17DB7E-0CB2-4712-A4CC-3EFECC1C26F6}"
EndProject
Project("{FAE04EC0-301F-11D3-BF4B-00C04F79EFBC}") = "OutliersLib", "OutliersLib\OutliersLib.csproj", "{9C69F8F7-A6A9-4848-8421-3E765A6523AA}"
EndProject
Global
	GlobalSection(SolutionConfigurationPlatforms) = preSolution
		Debug|Any CPU = Debug|Any CPU
		Release|Any CPU = Release|Any CPU
	EndGlobalSection
	GlobalSection(ProjectConfigurationPlatforms) = postSolution
		{977E4921-EEE3-43A9-AB1D-B2A99A0CC742}.Debug|Any CPU.ActiveCfg = Debug|Any CPU
		{977E4921-EEE3-43A9-AB1D-B2A99A0CC742}.Debug|Any CPU.Build.0 = Debug|Any CPU
		{977E4921-EEE3-43A9-AB1D-B2A99A0CC742}.Release|Any CPU.ActiveCfg = Release|Any CPU
		{977E4921-EEE3-43A9-AB1D-B2A99A0CC742}.Release|Any CPU.Build.0 = Release|Any CPU
		{8C17DB7E-0CB2-4712-A4CC-3EFECC1C26F6}.Debug|Any CPU.ActiveCfg = Debug|Any CPU
		{8C17DB7E-0CB2-4712-A4CC-3EFECC1C26F6}.Debug|Any CPU.Build.0 = Debug|Any CPU
		{8C17DB7E-0CB2-4712-A4CC-3EFECC1C26F6}.Release|Any CPU.ActiveCfg = Release|Any CPU
		{8C17DB7E-0CB2-4712-A4CC-3EFECC1C26F6}.Release|Any CPU.Build.0 = Release|Any CPU
		{9C69F8F7-A6A9-4848-8421-3E765A6523AA}.Debug|Any CPU.ActiveCfg = Debug|Any CPU
		{9C69F8F7-A6A9-4848-8421-3E765A6523AA}.Debug|Any CPU.Build.0 = Debug|Any CPU
		{9C69F8F7-A6A9-4848-8421-3E765A6523AA}.Release|Any CPU.ActiveCfg = Release|Any CPU
		{9C69F8F7-A6A9-4848-8421-3E765A6523AA}.Release|Any CPU.Build.0 = Release|Any CPU
	EndGlobalSection
EndGlobal
